
Microsoft Visual Studio Solution File, Format Version 12.00
# Visual Studio Version 17
VisualStudioVersion = 17.0.31903.59
MinimumVisualStudioVersion = 10.0.40219.1
Project("{2150E333-8FDC-42A3-9474-1A3956D46DE8}") = "src", "src", "{3FE1E312-9219-4422-A65E-68D01E65386B}"
EndProject
Project("{F2A71F9B-5D33-465A-A702-920D77279786}") = "FsLib", "src\FsLib\FsLib.fsproj", "{5236C4FC-842B-4CB9-BDB4-4604D6677C77}"
EndProject
Project("{FAE04EC0-301F-11D3-BF4B-00C04F79EFBC}") = "CsApp", "src\CsApp\CsApp.csproj", "{F31E032D-124A-4492-A319-759A410F6ABD}"
EndProject
Global
	GlobalSection(SolutionConfigurationPlatforms) = preSolution
		Debug|Any CPU = Debug|Any CPU
		Release|Any CPU = Release|Any CPU
	EndGlobalSection
	GlobalSection(SolutionProperties) = preSolution
		HideSolutionNode = FALSE
	EndGlobalSection
	GlobalSection(ProjectConfigurationPlatforms) = postSolution
		{5236C4FC-842B-4CB9-BDB4-4604D6677C77}.Debug|Any CPU.ActiveCfg = Debug|Any CPU
		{5236C4FC-842B-4CB9-BDB4-4604D6677C77}.Debug|Any CPU.Build.0 = Debug|Any CPU
		{5236C4FC-842B-4CB9-BDB4-4604D6677C77}.Release|Any CPU.ActiveCfg = Release|Any CPU
		{5236C4FC-842B-4CB9-BDB4-4604D6677C77}.Release|Any CPU.Build.0 = Release|Any CPU
		{F31E032D-124A-4492-A319-759A410F6ABD}.Debug|Any CPU.ActiveCfg = Debug|Any CPU
		{F31E032D-124A-4492-A319-759A410F6ABD}.Debug|Any CPU.Build.0 = Debug|Any CPU
		{F31E032D-124A-4492-A319-759A410F6ABD}.Release|Any CPU.ActiveCfg = Release|Any CPU
		{F31E032D-124A-4492-A319-759A410F6ABD}.Release|Any CPU.Build.0 = Release|Any CPU
	EndGlobalSection
	GlobalSection(NestedProjects) = preSolution
		{5236C4FC-842B-4CB9-BDB4-4604D6677C77} = {3FE1E312-9219-4422-A65E-68D01E65386B}
		{F31E032D-124A-4492-A319-759A410F6ABD} = {3FE1E312-9219-4422-A65E-68D01E65386B}
	EndGlobalSection
EndGlobal
